Microsoft Visual Studio Solution File, Format Version 12.00
# Visual Studio 2012
Project("{FAE04EC0-301F-11D3-BF4B-00C04F79EFBC}") = "GalaxyJump", "GalaxyJump.csproj", "{2480A725-B27D-4A7D-B164-69F8695821DD}"
EndProject
Global
	GlobalSection(SolutionConfigurationPlatforms) = preSolution
	Debug|Any CPU = Debug|Any CPU
	Release|Any CPU = Release|Any CPU
	Tools|Any CPU = Tools|Any CPU
	EndGlobalSection
	GlobalSection(ProjectConfigurationPlatforms) = postSolution
		{2480A725-B27D-4A7D-B164-69F8695821DD}.Debug|Any CPU.ActiveCfg = Debug|Any CPU
		{2480A725-B27D-4A7D-B164-69F8695821DD}.Debug|Any CPU.Build.0 = Debug|Any CPU
		{2480A725-B27D-4A7D-B164-69F8695821DD}.Release|Any CPU.ActiveCfg = Release|Any CPU
		{2480A725-B27D-4A7D-B164-69F8695821DD}.Release|Any CPU.Build.0 = Release|Any CPU
		{2480A725-B27D-4A7D-B164-69F8695821DD}.Tools|Any CPU.ActiveCfg = Tools|Any CPU
		{2480A725-B27D-4A7D-B164-69F8695821DD}.Tools|Any CPU.Build.0 = Tools|Any CPU
	EndGlobalSection
EndGlobal
