Microsoft Visual Studio Solution File, Format Version 12.00
# Visual Studio 2012
Project("{FAE04EC0-301F-11D3-BF4B-00C04F79EFBC}") = "MixAndGameJam", "MixAndGameJam.csproj", "{E48FAF5B-3095-41E0-82F2-6627C897C705}"
EndProject
Global
	GlobalSection(SolutionConfigurationPlatforms) = preSolution
	Debug|Any CPU = Debug|Any CPU
	Release|Any CPU = Release|Any CPU
	Tools|Any CPU = Tools|Any CPU
	EndGlobalSection
	GlobalSection(ProjectConfigurationPlatforms) = postSolution
		{E48FAF5B-3095-41E0-82F2-6627C897C705}.Debug|Any CPU.ActiveCfg = Debug|Any CPU
		{E48FAF5B-3095-41E0-82F2-6627C897C705}.Debug|Any CPU.Build.0 = Debug|Any CPU
		{E48FAF5B-3095-41E0-82F2-6627C897C705}.Release|Any CPU.ActiveCfg = Release|Any CPU
		{E48FAF5B-3095-41E0-82F2-6627C897C705}.Release|Any CPU.Build.0 = Release|Any CPU
		{E48FAF5B-3095-41E0-82F2-6627C897C705}.Tools|Any CPU.ActiveCfg = Tools|Any CPU
		{E48FAF5B-3095-41E0-82F2-6627C897C705}.Tools|Any CPU.Build.0 = Tools|Any CPU
	EndGlobalSection
EndGlobal
